Microsoft Visual Studio Solution File, Format Version 10.00
# Visual C# Express 2008
Project("{FAE04EC0-301F-11D3-BF4B-00C04F79EFBC}") = "NullIRC", "NullIRC.csproj", "{7483F9F8-070D-4166-B939-C6F4D1CE7DD0}"
EndProject
Global
	GlobalSection(SolutionConfigurationPlatforms) = preSolution
		Debug|Any CPU = Debug|Any CPU
		Release|Any CPU = Release|Any CPU
	EndGlobalSection
	GlobalSection(ProjectConfigurationPlatforms) = postSolution
		{7483F9F8-070D-4166-B939-C6F4D1CE7DD0}.Debug|Any CPU.ActiveCfg = Debug|Any CPU
		{7483F9F8-070D-4166-B939-C6F4D1CE7DD0}.Debug|Any CPU.Build.0 = Debug|Any CPU
		{7483F9F8-070D-4166-B939-C6F4D1CE7DD0}.Release|Any CPU.ActiveCfg = Release|Any CPU
		{7483F9F8-070D-4166-B939-C6F4D1CE7DD0}.Release|Any CPU.Build.0 = Release|Any CPU
	EndGlobalSection
	GlobalSection(SolutionProperties) = preSolution
		HideSolutionNode = FALSE
	EndGlobalSection
EndGlobal
